
Microsoft Visual Studio Solution File, Format Version 12.00
# Visual Studio Version 16
VisualStudioVersion = 16.0.30105.148
MinimumVisualStudioVersion = 15.0.26124.0
Project("{2150E333-8FDC-42A3-9474-1A3956D46DE8}") = "src", "src", "{DBBCC5EA-5B48-49CC-9974-8E84BE203A82}"
EndProject
Project("{9A19103F-16F7-4668-BE54-9A1E7A4F7556}") = "Generator", "src\Generator\Generator.csproj", "{B21A89A3-AC06-45DE-B176-0B3A65BCA1DB}"
EndProject
Project("{2150E333-8FDC-42A3-9474-1A3956D46DE8}") = "test", "test", "{F27439FC-26BB-4435-9E1D-290E5C55D95A}"
EndProject
Project("{FAE04EC0-301F-11D3-BF4B-00C04F79EFBC}") = "Generator.Tests", "test\Generator.Tests\Generator.Tests.csproj", "{A65923CD-AA76-4F90-B3EF-77752506C092}"
EndProject
Global
	GlobalSection(SolutionConfigurationPlatforms) = preSolution
		Debug|Any CPU = Debug|Any CPU
		Debug|x64 = Debug|x64
		Debug|x86 = Debug|x86
		Release|Any CPU = Release|Any CPU
		Release|x64 = Release|x64
		Release|x86 = Release|x86
	EndGlobalSection
	GlobalSection(ProjectConfigurationPlatforms) = postSolution
		{B21A89A3-AC06-45DE-B176-0B3A65BCA1DB}.Debug|Any CPU.ActiveCfg = Debug|Any CPU
		{B21A89A3-AC06-45DE-B176-0B3A65BCA1DB}.Debug|Any CPU.Build.0 = Debug|Any CPU
		{B21A89A3-AC06-45DE-B176-0B3A65BCA1DB}.Debug|x64.ActiveCfg = Debug|Any CPU
		{B21A89A3-AC06-45DE-B176-0B3A65BCA1DB}.Debug|x64.Build.0 = Debug|Any CPU
		{B21A89A3-AC06-45DE-B176-0B3A65BCA1DB}.Debug|x86.ActiveCfg = Debug|Any CPU
		{B21A89A3-AC06-45DE-B176-0B3A65BCA1DB}.Debug|x86.Build.0 = Debug|Any CPU
		{B21A89A3-AC06-45DE-B176-0B3A65BCA1DB}.Release|Any CPU.ActiveCfg = Release|Any CPU
		{B21A89A3-AC06-45DE-B176-0B3A65BCA1DB}.Release|Any CPU.Build.0 = Release|Any CPU
		{B21A89A3-AC06-45DE-B176-0B3A65BCA1DB}.Release|x64.ActiveCfg = Release|Any CPU
		{B21A89A3-AC06-45DE-B176-0B3A65BCA1DB}.Release|x64.Build.0 = Release|Any CPU
		{B21A89A3-AC06-45DE-B176-0B3A65BCA1DB}.Release|x86.ActiveCfg = Release|Any CPU
		{B21A89A3-AC06-45DE-B176-0B3A65BCA1DB}.Release|x86.Build.0 = Release|Any CPU
		{A65923CD-AA76-4F90-B3EF-77752506C092}.Debug|Any CPU.ActiveCfg = Debug|Any CPU
		{A65923CD-AA76-4F90-B3EF-77752506C092}.Debug|Any CPU.Build.0 = Debug|Any CPU
		{A65923CD-AA76-4F90-B3EF-77752506C092}.Debug|x64.ActiveCfg = Debug|Any CPU
		{A65923CD-AA76-4F90-B3EF-77752506C092}.Debug|x64.Build.0 = Debug|Any CPU
		{A65923CD-AA76-4F90-B3EF-77752506C092}.Debug|x86.ActiveCfg = Debug|Any CPU
		{A65923CD-AA76-4F90-B3EF-77752506C092}.Debug|x86.Build.0 = Debug|Any CPU
		{A65923CD-AA76-4F90-B3EF-77752506C092}.Release|Any CPU.ActiveCfg = Release|Any CPU
		{A65923CD-AA76-4F90-B3EF-77752506C092}.Release|Any CPU.Build.0 = Release|Any CPU
		{A65923CD-AA76-4F90-B3EF-77752506C092}.Release|x64.ActiveCfg = Release|Any CPU
		{A65923CD-AA76-4F90-B3EF-77752506C092}.Release|x64.Build.0 = Release|Any CPU
		{A65923CD-AA76-4F90-B3EF-77752506C092}.Release|x86.ActiveCfg = Release|Any CPU
		{A65923CD-AA76-4F90-B3EF-77752506C092}.Release|x86.Build.0 = Release|Any CPU
	EndGlobalSection
	GlobalSection(SolutionProperties) = preSolution
		HideSolutionNode = FALSE
	EndGlobalSection
	GlobalSection(NestedProjects) = preSolution
		{B21A89A3-AC06-45DE-B176-0B3A65BCA1DB} = {DBBCC5EA-5B48-49CC-9974-8E84BE203A82}
		{A65923CD-AA76-4F90-B3EF-77752506C092} = {F27439FC-26BB-4435-9E1D-290E5C55D95A}
	EndGlobalSection
	GlobalSection(ExtensibilityGlobals) = postSolution
		SolutionGuid = {F678CCF7-662C-46D7-9A20-C9931B7110B8}
	EndGlobalSection
EndGlobal
